// !$*UTF8*$!
{
	archiveVersion = 1;
	classes = {
	};
	objectVersion = 46;
	objects = {

/* Begin PBXBuildFile section */
		1BCA23141DE7419700CC8F2D /* main.m in Sources */ = {isa = PBXBuildFile; fileRef = 1BCA23131DE7419700CC8F2D /* main.m */; };
		1BCA23171DE7419700CC8F2D /* AppDelegate.m in Sources */ = {isa = PBXBuildFile; fileRef = 1BCA23161DE7419700CC8F2D /* AppDelegate.m */; };
		1BCA231A1DE7419700CC8F2D /* ViewController.m in Sources */ = {isa = PBXBuildFile; fileRef = 1BCA23191DE7419700CC8F2D /* ViewController.m */; };
		1BCA232D1DE7419700CC8F2D /* DelegateDemoTests.m in Sources */ = {isa = PBXBuildFile; fileRef = 1BCA232C1DE7419700CC8F2D /* DelegateDemoTests.m */; };
		1BCA23381DE7419700CC8F2D /* DelegateDemoUITests.m in Sources */ = {isa = PBXBuildFile; fileRef = 1BCA23371DE7419700CC8F2D /* DelegateDemoUITests.m */; };
		1BCA23471DE7424E00CC8F2D /* Images.xcassets in Resources */ = {isa = PBXBuildFile; fileRef = 1BCA23461DE7424E00CC8F2D /* Images.xcassets */; };
		1BCA234A1DE7435800CC8F2D /* ShareView.m in Sources */ = {isa = PBXBuildFile; fileRef = 1BCA23491DE7435800CC8F2D /* ShareView.m */; };
/* End PBXBuildFile section */

/* Begin PBXContainerItemProxy section */
		1BCA23291DE7419700CC8F2D /* PBXContainerItemProxy */ = {
			isa = PBXContainerItemProxy;
			containerPortal = 1BCA23071DE7419700CC8F2D /* Project object */;
			proxyType = 1;
			remoteGlobalIDString = 1BCA230E1DE7419700CC8F2D;
			remoteInfo = DelegateDemo;
		};
		1BCA23341DE7419700CC8F2D /* PBXContainerItemProxy */ = {
			isa = PBXContainerItemProxy;
			containerPortal = 1BCA23071DE7419700CC8F2D /* Project object */;
			proxyType = 1;
			remoteGlobalIDString = 1BCA230E1DE7419700CC8F2D;
			remoteInfo = DelegateDemo;
		};
/* End PBXContainerItemProxy section */

/* Begin PBXFileReference section */
		1BCA230F1DE7419700CC8F2D /* DelegateDemo.app */ = {isa = PBXFileReference; explicitFileType = wrapper.application; includeInIndex = 0; path = DelegateDemo.app; sourceTree = BUILT_PRODUCTS_DIR; };
		1BCA23131DE7419700CC8F2D /* main.m */ = {isa = PBXFileReference; lastKnownFileType = sourcecode.c.objc; path = main.m; sourceTree = "<group>"; };
		1BCA23151DE7419700CC8F2D /* AppDelegate.h */ = {isa = PBXFileReference; lastKnownFileType = sourcecode.c.h; path = AppDelegate.h; sourceTree = "<group>"; };
		1BCA23161DE7419700CC8F2D /* AppDelegate.m */ = {isa = PBXFileReference; lastKnownFileType = sourcecode.c.objc; path = AppDelegate.m; sourceTree = "<group>"; };
		1BCA23181DE7419700CC8F2D /* ViewController.h */ = {isa = PBXFileReference; lastKnownFileType = sourcecode.c.h; path = ViewController.h; sourceTree = "<group>"; };
		1BCA23191DE7419700CC8F2D /* ViewController.m */ = {isa = PBXFileReference; lastKnownFileType = sourcecode.c.objc; path = ViewController.m; sourceTree = "<group>"; };
		1BCA23231DE7419700CC8F2D /* Info.plist */ = {isa = PBXFileReference; lastKnownFileType = text.plist.xml; path = Info.plist; sourceTree = "<group>"; };
		1BCA23281DE7419700CC8F2D /* DelegateDemoTests.xctest */ = {isa = PBXFileReference; explicitFileType = wrapper.cfbundle; includeInIndex = 0; path = DelegateDemoTests.xctest; sourceTree = BUILT_PRODUCTS_DIR; };
		1BCA232C1DE7419700CC8F2D /* DelegateDemoTests.m */ = {isa = PBXFileReference; lastKnownFileType = sourcecode.c.objc; path = DelegateDemoTests.m; sourceTree = "<group>"; };
		1BCA232E1DE7419700CC8F2D /* Info.plist */ = {isa = PBXFileReference; lastKnownFileType = text.plist.xml; path = Info.plist; sourceTree = "<group>"; };
		1BCA23331DE7419700CC8F2D /* DelegateDemoUITests.xctest */ = {isa = PBXFileReference; explicitFileType = wrapper.cfbundle; includeInIndex = 0; path = DelegateDemoUITests.xctest; sourceTree = BUILT_PRODUCTS_DIR; };
		1BCA23371DE7419700CC8F2D /* DelegateDemoUITests.m */ = {isa = PBXFileReference; lastKnownFileType = sourcecode.c.objc; path = DelegateDemoUITests.m; sourceTree = "<group>"; };
		1BCA23391DE7419700CC8F2D /* Info.plist */ = {isa = PBXFileReference; lastKnownFileType = text.plist.xml; path = Info.plist; sourceTree = "<group>"; };
		1BCA23451DE7423200CC8F2D /* PrefixHeader.pch */ = {isa = PBXFileReference; lastKnownFileType = sourcecode.c.h; path = PrefixHeader.pch; sourceTree = "<group>"; };
		1BCA23461DE7424E00CC8F2D /* Images.xcassets */ = {isa = PBXFileReference; lastKnownFileType = folder.assetcatalog; path = Images.xcassets; sourceTree = "<group>"; };
		1BCA23481DE7435800CC8F2D /* ShareView.h */ = {isa = PBXFileReference; fileEncoding = 4; lastKnownFileType = sourcecode.c.h; path = ShareView.h; sourceTree = "<group>"; };
		1BCA23491DE7435800CC8F2D /* ShareView.m */ = {isa = PBXFileReference; fileEncoding = 4; lastKnownFileType = sourcecode.c.objc; path = ShareView.m; sourceTree = "<group>"; };
/* End PBXFileReference section */

/* Begin PBXFrameworksBuildPhase section */
		1BCA230C1DE7419700CC8F2D /* Frameworks */ = {
			isa = PBXFrameworksBuildPhase;
			buildActionMask = 2147483647;
			files = (
			);
			runOnlyForDeploymentPostprocessing = 0;
		};
		1BCA23251DE7419700CC8F2D /* Frameworks */ = {
			isa = PBXFrameworksBuildPhase;
			buildActionMask = 2147483647;
			files = (
			);
			runOnlyForDeploymentPostprocessing = 0;
		};
		1BCA23301DE7419700CC8F2D /* Frameworks */ = {
			isa = PBXFrameworksBuildPhase;
			buildActionMask = 2147483647;
			files = (
			);
			runOnlyForDeploymentPostprocessing = 0;
		};
/* End PBXFrameworksBuildPhase section */

/* Begin PBXGroup section */
		1BCA23061DE7419700CC8F2D = {
			isa = PBXGroup;
			children = (
				1BCA23111DE7419700CC8F2D /* DelegateDemo */,
				1BCA232B1DE7419700CC8F2D /* DelegateDemoTests */,
				1BCA23361DE7419700CC8F2D /* DelegateDemoUITests */,
				1BCA23101DE7419700CC8F2D /* Products */,
			);
			sourceTree = "<group>";
		};
		1BCA23101DE7419700CC8F2D /* Products */ = {
			isa = PBXGroup;
			children = (
				1BCA230F1DE7419700CC8F2D /* DelegateDemo.app */,
				1BCA23281DE7419700CC8F2D /* DelegateDemoTests.xctest */,
				1BCA23331DE7419700CC8F2D /* DelegateDemoUITests.xctest */,
			);
			name = Products;
			sourceTree = "<group>";
		};
		1BCA23111DE7419700CC8F2D /* DelegateDemo */ = {
			isa = PBXGroup;
			children = (
				1BCA23151DE7419700CC8F2D /* AppDelegate.h */,
				1BCA23161DE7419700CC8F2D /* AppDelegate.m */,
				1BCA23181DE7419700CC8F2D /* ViewController.h */,
				1BCA23191DE7419700CC8F2D /* ViewController.m */,
				1BCA23481DE7435800CC8F2D /* ShareView.h */,
				1BCA23491DE7435800CC8F2D /* ShareView.m */,
				1BCA23231DE7419700CC8F2D /* Info.plist */,
				1BCA23461DE7424E00CC8F2D /* Images.xcassets */,
				1BCA23121DE7419700CC8F2D /* Supporting Files */,
			);
			path = DelegateDemo;
			sourceTree = "<group>";
		};
		1BCA23121DE7419700CC8F2D /* Supporting Files */ = {
			isa = PBXGroup;
			children = (
				1BCA23131DE7419700CC8F2D /* main.m */,
				1BCA23451DE7423200CC8F2D /* PrefixHeader.pch */,
			);
			name = "Supporting Files";
			sourceTree = "<group>";
		};
		1BCA232B1DE7419700CC8F2D /* DelegateDemoTests */ = {
			isa = PBXGroup;
			children = (
				1BCA232C1DE7419700CC8F2D /* DelegateDemoTests.m */,
				1BCA232E1DE7419700CC8F2D /* Info.plist */,
			);
			path = DelegateDemoTests;
			sourceTree = "<group>";
		};
		1BCA23361DE7419700CC8F2D /* DelegateDemoUITests */ = {
			isa = PBXGroup;
			children = (
				1BCA23371DE7419700CC8F2D /* DelegateDemoUITests.m */,
				1BCA23391DE7419700CC8F2D /* Info.plist */,
			);
			path = DelegateDemoUITests;
			sourceTree = "<group>";
		};
/* End PBXGroup section */

/* Begin PBXNativeTarget section */
		1BCA230E1DE7419700CC8F2D /* DelegateDemo */ = {
			isa = PBXNativeTarget;
			buildConfigurationList = 1BCA233C1DE7419700CC8F2D /* Build configuration list for PBXNativeTarget "DelegateDemo" */;
			buildPhases = (
				1BCA230B1DE7419700CC8F2D /* Sources */,
				1BCA230C1DE7419700CC8F2D /* Frameworks */,
				1BCA230D1DE7419700CC8F2D /* Resources */,
			);
			buildRules = (
			);
			dependencies = (
			);
			name = DelegateDemo;
			productName = DelegateDemo;
			productReference = 1BCA230F1DE7419700CC8F2D /* DelegateDemo.app */;
			productType = "com.apple.product-type.application";
		};
		1BCA23271DE7419700CC8F2D /* DelegateDemoTests */ = {
			isa = PBXNativeTarget;
			buildConfigurationList = 1BCA233F1DE7419700CC8F2D /* Build configuration list for PBXNativeTarget "DelegateDemoTests" */;
			buildPhases = (
				1BCA23241DE7419700CC8F2D /* Sources */,
				1BCA23251DE7419700CC8F2D /* Frameworks */,
				1BCA23261DE7419700CC8F2D /* Resources */,
			);
			buildRules = (
			);
			dependencies = (
				1BCA232A1DE7419700CC8F2D /* PBXTargetDependency */,
			);
			name = DelegateDemoTests;
			productName = DelegateDemoTests;
			productReference = 1BCA23281DE7419700CC8F2D /* DelegateDemoTests.xctest */;
			productType = "com.apple.product-type.bundle.unit-test";
		};
		1BCA23321DE7419700CC8F2D /* DelegateDemoUITests */ = {
			isa = PBXNativeTarget;
			buildConfigurationList = 1BCA23421DE7419700CC8F2D /* Build configuration list for PBXNativeTarget "DelegateDemoUITests" */;
			buildPhases = (
				1BCA232F1DE7419700CC8F2D /* Sources */,
				1BCA23301DE7419700CC8F2D /* Frameworks */,
				1BCA23311DE7419700CC8F2D /* Resources */,
			);
			buildRules = (
			);
			dependencies = (
				1BCA23351DE7419700CC8F2D /* PBXTargetDependency */,
			);
			name = DelegateDemoUITests;
			productName = DelegateDemoUITests;
			productReference = 1BCA23331DE7419700CC8F2D /* DelegateDemoUITests.xctest */;
			productType = "com.apple.product-type.bundle.ui-testing";
		};
/* End PBXNativeTarget section */

/* Begin PBXProject section */
		1BCA23071DE7419700CC8F2D /* Project object */ = {
			isa = PBXProject;
			attributes = {
				LastUpgradeCheck = 0800;
				ORGANIZATIONNAME = YY;
				TargetAttributes = {
					1BCA230E1DE7419700CC8F2D = {
						CreatedOnToolsVersion = 8.0;
						ProvisioningStyle = Automatic;
					};
					1BCA23271DE7419700CC8F2D = {
						CreatedOnToolsVersion = 8.0;
						ProvisioningStyle = Automatic;
						TestTargetID = 1BCA230E1DE7419700CC8F2D;
					};
					1BCA23321DE7419700CC8F2D = {
						CreatedOnToolsVersion = 8.0;
						ProvisioningStyle = Automatic;
						TestTargetID = 1BCA230E1DE7419700CC8F2D;
					};
				};
			};
			buildConfigurationList = 1BCA230A1DE7419700CC8F2D /* Build configuration list for PBXProject "DelegateDemo" */;
			compatibilityVersion = "Xcode 3.2";
			developmentRegion = English;
			hasScannedForEncodings = 0;
			knownRegions = (
				en,
				Base,
			);
			mainGroup = 1BCA23061DE7419700CC8F2D;
			productRefGroup = 1BCA23101DE7419700CC8F2D /* Products */;
			projectDirPath = "";
			projectRoot = "";
			targets = (
				1BCA230E1DE7419700CC8F2D /* DelegateDemo */,
				1BCA23271DE7419700CC8F2D /* DelegateDemoTests */,
				1BCA23321DE7419700CC8F2D /* DelegateDemoUITests */,
			);
		};
/* End PBXProject section */

/* Begin PBXResourcesBuildPhase section */
		1BCA230D1DE7419700CC8F2D /* Resources */ = {
			isa = PBXResourcesBuildPhase;
			buildActionMask = 2147483647;
			files = (
				1BCA23471DE7424E00CC8F2D /* Images.xcassets in Resources */,
			);
			runOnlyForDeploymentPostprocessing = 0;
		};
		1BCA23261DE7419700CC8F2D /* Resources */ = {
			isa = PBXResourcesBuildPhase;
			buildActionMask = 2147483647;
			files = (
			);
			runOnlyForDeploymentPostprocessing = 0;
		};
		1BCA23311DE7419700CC8F2D /* Resources */ = {
			isa = PBXResourcesBuildPhase;
			buildActionMask = 2147483647;
			files = (
			);
			runOnlyForDeploymentPostprocessing = 0;
		};
/* End PBXResourcesBuildPhase section */

/* Begin PBXSourcesBuildPhase section */
		1BCA230B1DE7419700CC8F2D /* Sources */ = {
			isa = PBXSourcesBuildPhase;
			buildActionMask = 2147483647;
			files = (
				1BCA234A1DE7435800CC8F2D /* ShareView.m in Sources */,
				1BCA231A1DE7419700CC8F2D /* ViewController.m in Sources */,
				1BCA23171DE7419700CC8F2D /* AppDelegate.m in Sources */,
				1BCA23141DE7419700CC8F2D /* main.m in Sources */,
			);
			runOnlyForDeploymentPostprocessing = 0;
		};
		1BCA23241DE7419700CC8F2D /* Sources */ = {
			isa = PBXSourcesBuildPhase;
			buildActionMask = 2147483647;
			files = (
				1BCA232D1DE7419700CC8F2D /* DelegateDemoTests.m in Sources */,
			);
			runOnlyForDeploymentPostprocessing = 0;
		};
		1BCA232F1DE7419700CC8F2D /* Sources */ = {
			isa = PBXSourcesBuildPhase;
			buildActionMask = 2147483647;
			files = (
				1BCA23381DE7419700CC8F2D /* DelegateDemoUITests.m in Sources */,
			);
			runOnlyForDeploymentPostprocessing = 0;
		};
/* End PBXSourcesBuildPhase section */

/* Begin PBXTargetDependency section */
		1BCA232A1DE7419700CC8F2D /* PBXTargetDependency */ = {
			isa = PBXTargetDependency;
			target = 1BCA230E1DE7419700CC8F2D /* DelegateDemo */;
			targetProxy = 1BCA23291DE7419700CC8F2D /* PBXContainerItemProxy */;
		};
		1BCA23351DE7419700CC8F2D /* PBXTargetDependency */ = {
			isa = PBXTargetDependency;
			target = 1BCA230E1DE7419700CC8F2D /* DelegateDemo */;
			targetProxy = 1BCA23341DE7419700CC8F2D /* PBXContainerItemProxy */;
		};
/* End PBXTargetDependency section */

/* Begin XCBuildConfiguration section */
		1BCA233A1DE7419700CC8F2D /* Debug */ = {
			isa = XCBuildConfiguration;
			buildSettings = {
				ALWAYS_SEARCH_USER_PATHS = NO;
				CLANG_ANALYZER_NONNULL = YES;
				CLANG_CXX_LANGUAGE_STANDARD = "gnu++0x";
				CLANG_CXX_LIBRARY = "libc++";
				CLANG_ENABLE_MODULES = YES;
				CLANG_ENABLE_OBJC_ARC = YES;
				CLANG_WARN_BOOL_CONVERSION = YES;
				CLANG_WARN_CONSTANT_CONVERSION = YES;
				CLANG_WARN_DIRECT_OBJC_ISA_USAGE = YES_ERROR;
				CLANG_WARN_DOCUMENTATION_COMMENTS = YES;
				CLANG_WARN_EMPTY_BODY = YES;
				CLANG_WARN_ENUM_CONVERSION = YES;
				CLANG_WARN_INFINITE_RECURSION = YES;
				CLANG_WARN_INT_CONVERSION = YES;
				CLANG_WARN_OBJC_ROOT_CLASS = YES_ERROR;
				CLANG_WARN_SUSPICIOUS_MOVES = YES;
				CLANG_WARN_UNREACHABLE_CODE = YES;
				CLANG_WARN__DUPLICATE_METHOD_MATCH = YES;
				"CODE_SIGN_IDENTITY[sdk=iphoneos*]" = "iPhone Developer";
				COPY_PHASE_STRIP = NO;
				DEBUG_INFORMATION_FORMAT = dwarf;
				ENABLE_STRICT_OBJC_MSGSEND = YES;
				ENABLE_TESTABILITY = YES;
				GCC_C_LANGUAGE_STANDARD = gnu99;
				GCC_DYNAMIC_NO_PIC = NO;
				GCC_NO_COMMON_BLOCKS = YES;
				GCC_OPTIMIZATION_LEVEL = 0;
				GCC_PREPROCESSOR_DEFINITIONS = (
					"DEBUG=1",
					"$(inherited)",
				);
				GCC_WARN_64_TO_32_BIT_CONVERSION = YES;
				GCC_WARN_ABOUT_RETURN_TYPE = YES_ERROR;
				GCC_WARN_UNDECLARED_SELECTOR = YES;
				GCC_WARN_UNINITIALIZED_AUTOS = YES_AGGRESSIVE;
				GCC_WARN_UNUSED_FUNCTION = YES;
				GCC_WARN_UNUSED_VARIABLE = YES;
				IPHONEOS_DEPLOYMENT_TARGET = 10.0;
				MTL_ENABLE_DEBUG_INFO = YES;
				ONLY_ACTIVE_ARCH = YES;
				SDKROOT = iphoneos;
				TARGETED_DEVICE_FAMILY = "1,2";
			};
			name = Debug;
		};
		1BCA233B1DE7419700CC8F2D /* Release */ = {
			isa = XCBuildConfiguration;
			buildSettings = {
				ALWAYS_SEARCH_USER_PATHS = NO;
				CLANG_ANALYZER_NONNULL = YES;
				CLANG_CXX_LANGUAGE_STANDARD = "gnu++0x";
				CLANG_CXX_LIBRARY = "libc++";
				CLANG_ENABLE_MODULES = YES;
				CLANG_ENABLE_OBJC_ARC = YES;
				CLANG_WARN_BOOL_CONVERSION = YES;
				CLANG_WARN_CONSTANT_CONVERSION = YES;
				CLANG_WARN_DIRECT_OBJC_ISA_USAGE = YES_ERROR;
				CLANG_WARN_DOCUMENTATION_COMMENTS = YES;
				CLANG_WARN_EMPTY_BODY = YES;
				CLANG_WARN_ENUM_CONVERSION = YES;
				CLANG_WARN_INFINITE_RECURSION = YES;
				CLANG_WARN_INT_CONVERSION = YES;
				CLANG_WARN_OBJC_ROOT_CLASS = YES_ERROR;
				CLANG_WARN_SUSPICIOUS_MOVES = YES;
				CLANG_WARN_UNREACHABLE_CODE = YES;
				CLANG_WARN__DUPLICATE_METHOD_MATCH = YES;
				"CODE_SIGN_IDENTITY[sdk=iphoneos*]" = "iPhone Developer";
				COPY_PHASE_STRIP = NO;
				DEBUG_INFORMATION_FORMAT = "dwarf-with-dsym";
				ENABLE_NS_ASSERTIONS = NO;
				ENABLE_STRICT_OBJC_MSGSEND = YES;
				GCC_C_LANGUAGE_STANDARD = gnu99;
				GCC_NO_COMMON_BLOCKS = YES;
				GCC_WARN_64_TO_32_BIT_CONVERSION = YES;
				GCC_WARN_ABOUT_RETURN_TYPE = YES_ERROR;
				GCC_WARN_UNDECLARED_SELECTOR = YES;
				GCC_WARN_UNINITIALIZED_AUTOS = YES_AGGRESSIVE;
				GCC_WARN_UNUSED_FUNCTION = YES;
				GCC_WARN_UNUSED_VARIABLE = YES;
				IPHONEOS_DEPLOYMENT_TARGET = 10.0;
				MTL_ENABLE_DEBUG_INFO = NO;
				SDKROOT = iphoneos;
				TARGETED_DEVICE_FAMILY = "1,2";
				VALIDATE_PRODUCT = YES;
			};
			name = Release;
		};
		1BCA233D1DE7419700CC8F2D /* Debug */ = {
			isa = XCBuildConfiguration;
			buildSettings = {
				ASSETCATALOG_COMPILER_APPICON_NAME = AppIcon;
				ASSETCATALOG_COMPILER_LAUNCHIMAGE_NAME = LaunchImage;
				GCC_PREFIX_HEADER = DelegateDemo/PrefixHeader.pch;
				INFOPLIST_FILE = DelegateDemo/Info.plist;
				LD_RUNPATH_SEARCH_PATHS = "$(inherited) @executable_path/Frameworks";
				PRODUCT_BUNDLE_IDENTIFIER = YY.cn.DelegateDemo;
				PRODUCT_NAME = "$(TARGET_NAME)";
				TARGETED_DEVICE_FAMILY = 1;
			};
			name = Debug;
		};
		1BCA233E1DE7419700CC8F2D /* Release */ = {
			isa = XCBuildConfiguration;
			buildSettings = {
				ASSETCATALOG_COMPILER_APPICON_NAME = AppIcon;
				ASSETCATALOG_COMPILER_LAUNCHIMAGE_NAME = LaunchImage;
				GCC_PREFIX_HEADER = DelegateDemo/PrefixHeader.pch;
				INFOPLIST_FILE = DelegateDemo/Info.plist;
				LD_RUNPATH_SEARCH_PATHS = "$(inherited) @executable_path/Frameworks";
				PRODUCT_BUNDLE_IDENTIFIER = YY.cn.DelegateDemo;
				PRODUCT_NAME = "$(TARGET_NAME)";
				TARGETED_DEVICE_FAMILY = 1;
			};
			name = Release;
		};
		1BCA23401DE7419700CC8F2D /* Debug */ = {
			isa = XCBuildConfiguration;
			buildSettings = {
				BUNDLE_LOADER = "$(TEST_HOST)";
				INFOPLIST_FILE = DelegateDemoTests/Info.plist;
				LD_RUNPATH_SEARCH_PATHS = "$(inherited) @executable_path/Frameworks @loader_path/Frameworks";
				PRODUCT_BUNDLE_IDENTIFIER = YY.cn.DelegateDemoTests;
				PRODUCT_NAME = "$(TARGET_NAME)";
				TEST_HOST = "$(BUILT_PRODUCTS_DIR)/DelegateDemo.app/DelegateDemo";
			};
			name = Debug;
		};
		1BCA23411DE7419700CC8F2D /* Release */ = {
			isa = XCBuildConfiguration;
			buildSettings = {
				BUNDLE_LOADER = "$(TEST_HOST)";
				INFOPLIST_FILE = DelegateDemoTests/Info.plist;
				LD_RUNPATH_SEARCH_PATHS = "$(inherited) @executable_path/Frameworks @loader_path/Frameworks";
				PRODUCT_BUNDLE_IDENTIFIER = YY.cn.DelegateDemoTests;
				PRODUCT_NAME = "$(TARGET_NAME)";
				TEST_HOST = "$(BUILT_PRODUCTS_DIR)/DelegateDemo.app/DelegateDemo";
			};
			name = Release;
		};
		1BCA23431DE7419700CC8F2D /* Debug */ = {
			isa = XCBuildConfiguration;
			buildSettings = {
				INFOPLIST_FILE = DelegateDemoUITests/Info.plist;
				LD_RUNPATH_SEARCH_PATHS = "$(inherited) @executable_path/Frameworks @loader_path/Frameworks";
				PRODUCT_BUNDLE_IDENTIFIER = YY.cn.DelegateDemoUITests;
				PRODUCT_NAME = "$(TARGET_NAME)";
				TEST_TARGET_NAME = DelegateDemo;
			};
			name = Debug;
		};
		1BCA23441DE7419700CC8F2D /* Release */ = {
			isa = XCBuildConfiguration;
			buildSettings = {
				INFOPLIST_FILE = DelegateDemoUITests/Info.plist;
				LD_RUNPATH_SEARCH_PATHS = "$(inherited) @executable_path/Frameworks @loader_path/Frameworks";
				PRODUCT_BUNDLE_IDENTIFIER = YY.cn.DelegateDemoUITests;
				PRODUCT_NAME = "$(TARGET_NAME)";
				TEST_TARGET_NAME = DelegateDemo;
			};
			name = Release;
		};
/* End XCBuildConfiguration section */

/* Begin XCConfigurationList section */
		1BCA230A1DE7419700CC8F2D /* Build configuration list for PBXProject "DelegateDemo" */ = {
			isa = XCConfigurationList;
			buildConfigurations = (
				1BCA233A1DE7419700CC8F2D /* Debug */,
				1BCA233B1DE7419700CC8F2D /* Release */,
			);
			defaultConfigurationIsVisible = 0;
			defaultConfigurationName = Release;
		};
		1BCA233C1DE7419700CC8F2D /* Build configuration list for PBXNativeTarget "DelegateDemo" */ = {
			isa = XCConfigurationList;
			buildConfigurations = (
				1BCA233D1DE7419700CC8F2D /* Debug */,
				1BCA233E1DE7419700CC8F2D /* Release */,
			);
			defaultConfigurationIsVisible = 0;
		};
		1BCA233F1DE7419700CC8F2D /* Build configuration list for PBXNativeTarget "DelegateDemoTests" */ = {
			isa = XCConfigurationList;
			buildConfigurations = (
				1BCA23401DE7419700CC8F2D /* Debug */,
				1BCA23411DE7419700CC8F2D /* Release */,
			);
			defaultConfigurationIsVisible = 0;
		};
		1BCA23421DE7419700CC8F2D /* Build configuration list for PBXNativeTarget "DelegateDemoUITests" */ = {
			isa = XCConfigurationList;
			buildConfigurations = (
				1BCA23431DE7419700CC8F2D /* Debug */,
				1BCA23441DE7419700CC8F2D /* Release */,
			);
			defaultConfigurationIsVisible = 0;
		};
/* End XCConfigurationList section */
	};
	rootObject = 1BCA23071DE7419700CC8F2D /* Project object */;
}
